
Microsoft Visual Studio Solution File, Format Version 12.00
# Visual Studio Version 16
VisualStudioVersion = 16.0.32002.261
MinimumVisualStudioVersion = 10.0.40219.1
Project("{FAE04EC0-301F-11D3-BF4B-00C04F79EFBC}") = "EmployeeManagementApp", "EmployeeManagementApp.csproj", "{2A36CEE1-6587-4261-BF71-FD98A1F73D90}"
EndProject
Global
	GlobalSection(SolutionConfigurationPlatforms) = preSolution
		Debug|Any CPU = Debug|Any CPU
		Release|Any CPU = Release|Any CPU
	EndGlobalSection
	GlobalSection(ProjectConfigurationPlatforms) = postSolution
		{2A36CEE1-6587-4261-BF71-FD98A1F73D90}.Debug|Any CPU.ActiveCfg = Debug|Any CPU
		{2A36CEE1-6587-4261-BF71-FD98A1F73D90}.Debug|Any CPU.Build.0 = Debug|Any CPU
		{2A36CEE1-6587-4261-BF71-FD98A1F73D90}.Release|Any CPU.ActiveCfg = Release|Any CPU
		{2A36CEE1-6587-4261-BF71-FD98A1F73D90}.Release|Any CPU.Build.0 = Release|Any CPU
	EndGlobalSection
	GlobalSection(SolutionProperties) = preSolution
		HideSolutionNode = FALSE
	EndGlobalSection
	GlobalSection(ExtensibilityGlobals) = postSolution
		SolutionGuid = {D43D7C59-1174-436F-9271-216F3F8ADED5}
	EndGlobalSection
EndGlobal
